
Microsoft Visual Studio Solution File, Format Version 12.00
# Visual Studio Version 17
VisualStudioVersion = 17.1.32228.430
MinimumVisualStudioVersion = 10.0.40219.1
Project("{FAE04EC0-301F-11D3-BF4B-00C04F79EFBC}") = "SchemaConverter", "SchemaConverter\SchemaConverter.csproj", "{834632D7-41DE-4501-B09A-588B09EEE685}"
EndProject
Global
	GlobalSection(SolutionConfigurationPlatforms) = preSolution
		Debug|Any CPU = Debug|Any CPU
		Release|Any CPU = Release|Any CPU
	EndGlobalSection
	GlobalSection(ProjectConfigurationPlatforms) = postSolution
		{834632D7-41DE-4501-B09A-588B09EEE685}.Debug|Any CPU.ActiveCfg = Debug|Any CPU
		{834632D7-41DE-4501-B09A-588B09EEE685}.Debug|Any CPU.Build.0 = Debug|Any CPU
		{834632D7-41DE-4501-B09A-588B09EEE685}.Release|Any CPU.ActiveCfg = Release|Any CPU
		{834632D7-41DE-4501-B09A-588B09EEE685}.Release|Any CPU.Build.0 = Release|Any CPU
	EndGlobalSection
	GlobalSection(SolutionProperties) = preSolution
		HideSolutionNode = FALSE
	EndGlobalSection
	GlobalSection(ExtensibilityGlobals) = postSolution
		SolutionGuid = {9395F87E-75D4-4F44-8BFB-5F5EF8680C2C}
	EndGlobalSection
EndGlobal
